
Microsoft Visual Studio Solution File, Format Version 12.00
# Visual Studio Version 17
VisualStudioVersion = 17.0.31903.59
MinimumVisualStudioVersion = 10.0.40219.1
Project("{2150E333-8FDC-42A3-9474-1A3956D46DE8}") = "솔루션 항목", "솔루션 항목", "{D4E1D38A-55FA-4583-AB35-CEDFDF270E16}"
	ProjectSection(SolutionItems) = preProject
		Directory.Packages.props = Directory.Packages.props
	EndProjectSection
EndProject
Project("{FAE04EC0-301F-11D3-BF4B-00C04F79EFBC}") = "BluehillBotB", "BluehillBotB\BluehillBotB.csproj", "{02340C30-8BC9-446E-89FE-D45D3A6F1E77}"
EndProject
Global
	GlobalSection(SolutionConfigurationPlatforms) = preSolution
		Debug|Any CPU = Debug|Any CPU
		Release|Any CPU = Release|Any CPU
	EndGlobalSection
	GlobalSection(ProjectConfigurationPlatforms) = postSolution
		{02340C30-8BC9-446E-89FE-D45D3A6F1E77}.Debug|Any CPU.ActiveCfg = Debug|Any CPU
		{02340C30-8BC9-446E-89FE-D45D3A6F1E77}.Debug|Any CPU.Build.0 = Debug|Any CPU
		{02340C30-8BC9-446E-89FE-D45D3A6F1E77}.Release|Any CPU.ActiveCfg = Release|Any CPU
		{02340C30-8BC9-446E-89FE-D45D3A6F1E77}.Release|Any CPU.Build.0 = Release|Any CPU
	EndGlobalSection
	GlobalSection(SolutionProperties) = preSolution
		HideSolutionNode = FALSE
	EndGlobalSection
EndGlobal
